// !$*UTF8*$!
{
	archiveVersion = 1;
	classes = {
	};
	objectVersion = 55;
	objects = {

/* Begin PBXBuildFile section */
		A0147DB12834C716002E8C70 /* SwiftUIAssignmentApp.swift in Sources */ = {isa = PBXBuildFile; fileRef = A0147DB02834C716002E8C70 /* SwiftUIAssignmentApp.swift */; };
		A0147DB32834C716002E8C70 /* ContentView.swift in Sources */ = {isa = PBXBuildFile; fileRef = A0147DB22834C716002E8C70 /* ContentView.swift */; };
		A0147DB52834C718002E8C70 /* Assets.xcassets in Resources */ = {isa = PBXBuildFile; fileRef = A0147DB42834C718002E8C70 /* Assets.xcassets */; };
		A0147DB82834C718002E8C70 /* Preview Assets.xcassets in Resources */ = {isa = PBXBuildFile; fileRef = A0147DB72834C718002E8C70 /* Preview Assets.xcassets */; };
		A0147DC22834CC28002E8C70 /* SBICardLoginView.swift in Sources */ = {isa = PBXBuildFile; fileRef = A0147DC12834CC28002E8C70 /* SBICardLoginView.swift */; };
		A055AC54283CC54300224CA7 /* SBICard.png in Resources */ = {isa = PBXBuildFile; fileRef = A055AC53283CC54300224CA7 /* SBICard.png */; };
		A055AC5D283CCDFA00224CA7 /* NetworkClient.swift in Sources */ = {isa = PBXBuildFile; fileRef = A055AC5C283CCDFA00224CA7 /* NetworkClient.swift */; };
		A055AC5F283CCF8A00224CA7 /* Enums.swift in Sources */ = {isa = PBXBuildFile; fileRef = A055AC5E283CCF8A00224CA7 /* Enums.swift */; };
		A055AC62283CEBAF00224CA7 /* Album.swift in Sources */ = {isa = PBXBuildFile; fileRef = A055AC61283CEBAF00224CA7 /* Album.swift */; };
		A055AC65283CEC2E00224CA7 /* AlbumsViewModel.swift in Sources */ = {isa = PBXBuildFile; fileRef = A055AC64283CEC2E00224CA7 /* AlbumsViewModel.swift */; };
		A07538882834CE75008FFF3A /* Constants.swift in Sources */ = {isa = PBXBuildFile; fileRef = A07538872834CE75008FFF3A /* Constants.swift */; };
		A075388D2834D046008FFF3A /* UserDetailsView.swift in Sources */ = {isa = PBXBuildFile; fileRef = A075388C2834D046008FFF3A /* UserDetailsView.swift */; };
		A075388F2834D45C008FFF3A /* MPINTextField.swift in Sources */ = {isa = PBXBuildFile; fileRef = A075388E2834D45C008FFF3A /* MPINTextField.swift */; };
		A07538942834D5EA008FFF3A /* Color.swift in Sources */ = {isa = PBXBuildFile; fileRef = A07538932834D5EA008FFF3A /* Color.swift */; };
		A0D911A4283D074E007CB335 /* TopSongsView.swift in Sources */ = {isa = PBXBuildFile; fileRef = A0D911A3283D074E007CB335 /* TopSongsView.swift */; };
		A0E5CEFB2834F66100A0F723 /* QuickAccessView.swift in Sources */ = {isa = PBXBuildFile; fileRef = A0E5CEFA2834F66100A0F723 /* QuickAccessView.swift */; };
		A0E5CEFD28350A3700A0F723 /* YellowButton.swift in Sources */ = {isa = PBXBuildFile; fileRef = A0E5CEFC28350A3700A0F723 /* YellowButton.swift */; };
		A0E5CEFF2837574200A0F723 /* BlueButton.swift in Sources */ = {isa = PBXBuildFile; fileRef = A0E5CEFE2837574200A0F723 /* BlueButton.swift */; };
		A0E5CF012837751300A0F723 /* YellowViews.swift in Sources */ = {isa = PBXBuildFile; fileRef = A0E5CF002837751200A0F723 /* YellowViews.swift */; };
		A0E5CF042837BEDC00A0F723 /* ImageButton.swift in Sources */ = {isa = PBXBuildFile; fileRef = A0E5CF032837BEDC00A0F723 /* ImageButton.swift */; };
/* End PBXBuildFile section */

/* Begin PBXFileReference section */
		A0147DAD2834C716002E8C70 /* SwiftUIAssignment.app */ = {isa = PBXFileReference; explicitFileType = wrapper.application; includeInIndex = 0; path = SwiftUIAssignment.app; sourceTree = BUILT_PRODUCTS_DIR; };
		A0147DB02834C716002E8C70 /* SwiftUIAssignmentApp.swift */ = {isa = PBXFileReference; lastKnownFileType = sourcecode.swift; path = SwiftUIAssignmentApp.swift; sourceTree = "<group>"; };
		A0147DB22834C716002E8C70 /* ContentView.swift */ = {isa = PBXFileReference; lastKnownFileType = sourcecode.swift; path = ContentView.swift; sourceTree = "<group>"; };
		A0147DB42834C718002E8C70 /* Assets.xcassets */ = {isa = PBXFileReference; lastKnownFileType = folder.assetcatalog; path = Assets.xcassets; sourceTree = "<group>"; };
		A0147DB72834C718002E8C70 /* Preview Assets.xcassets */ = {isa = PBXFileReference; lastKnownFileType = folder.assetcatalog; path = "Preview Assets.xcassets"; sourceTree = "<group>"; };
		A0147DC12834CC28002E8C70 /* SBICardLoginView.swift */ = {isa = PBXFileReference; fileEncoding = 4; lastKnownFileType = sourcecode.swift; path = SBICardLoginView.swift; sourceTree = "<group>"; };
		A055AC53283CC54300224CA7 /* SBICard.png */ = {isa = PBXFileReference; lastKnownFileType = image.png; path = SBICard.png; sourceTree = "<group>"; };
		A055AC5C283CCDFA00224CA7 /* NetworkClient.swift */ = {isa = PBXFileReference; lastKnownFileType = sourcecode.swift; path = NetworkClient.swift; sourceTree = "<group>"; };
		A055AC5E283CCF8A00224CA7 /* Enums.swift */ = {isa = PBXFileReference; lastKnownFileType = sourcecode.swift; path = Enums.swift; sourceTree = "<group>"; };
		A055AC61283CEBAF00224CA7 /* Album.swift */ = {isa = PBXFileReference; lastKnownFileType = sourcecode.swift; path = Album.swift; sourceTree = "<group>"; };
		A055AC64283CEC2E00224CA7 /* AlbumsViewModel.swift */ = {isa = PBXFileReference; lastKnownFileType = sourcecode.swift; path = AlbumsViewModel.swift; sourceTree = "<group>"; };
		A07538872834CE75008FFF3A /* Constants.swift */ = {isa = PBXFileReference; lastKnownFileType = sourcecode.swift; name = Constants.swift; path = SwiftUIAssignment/Constants.swift; sourceTree = SOURCE_ROOT; };
		A075388C2834D046008FFF3A /* UserDetailsView.swift */ = {isa = PBXFileReference; fileEncoding = 4; lastKnownFileType = sourcecode.swift; path = UserDetailsView.swift; sourceTree = "<group>"; };
		A075388E2834D45C008FFF3A /* MPINTextField.swift */ = {isa = PBXFileReference; lastKnownFileType = sourcecode.swift; path = MPINTextField.swift; sourceTree = "<group>"; };
		A07538932834D5EA008FFF3A /* Color.swift */ = {isa = PBXFileReference; fileEncoding = 4; lastKnownFileType = sourcecode.swift; path = Color.swift; sourceTree = "<group>"; };
		A0D911A3283D074E007CB335 /* TopSongsView.swift */ = {isa = PBXFileReference; fileEncoding = 4; lastKnownFileType = sourcecode.swift; path = TopSongsView.swift; sourceTree = "<group>"; };
		A0E5CEFA2834F66100A0F723 /* QuickAccessView.swift */ = {isa = PBXFileReference; lastKnownFileType = sourcecode.swift; path = QuickAccessView.swift; sourceTree = "<group>"; };
		A0E5CEFC28350A3700A0F723 /* YellowButton.swift */ = {isa = PBXFileReference; lastKnownFileType = sourcecode.swift; path = YellowButton.swift; sourceTree = "<group>"; };
		A0E5CEFE2837574200A0F723 /* BlueButton.swift */ = {isa = PBXFileReference; lastKnownFileType = sourcecode.swift; path = BlueButton.swift; sourceTree = "<group>"; };
		A0E5CF002837751200A0F723 /* YellowViews.swift */ = {isa = PBXFileReference; lastKnownFileType = sourcecode.swift; path = YellowViews.swift; sourceTree = "<group>"; };
		A0E5CF032837BEDC00A0F723 /* ImageButton.swift */ = {isa = PBXFileReference; lastKnownFileType = sourcecode.swift; path = ImageButton.swift; sourceTree = "<group>"; };
/* End PBXFileReference section */

/* Begin PBXFrameworksBuildPhase section */
		A0147DAA2834C716002E8C70 /* Frameworks */ = {
			isa = PBXFrameworksBuildPhase;
			buildActionMask = 2147483647;
			files = (
			);
			runOnlyForDeploymentPostprocessing = 0;
		};
/* End PBXFrameworksBuildPhase section */

/* Begin PBXGroup section */
		A0147DA42834C716002E8C70 = {
			isa = PBXGroup;
			children = (
				A0147DAF2834C716002E8C70 /* SwiftUIAssignment */,
				A0147DAE2834C716002E8C70 /* Products */,
			);
			sourceTree = "<group>";
		};
		A0147DAE2834C716002E8C70 /* Products */ = {
			isa = PBXGroup;
			children = (
				A0147DAD2834C716002E8C70 /* SwiftUIAssignment.app */,
			);
			name = Products;
			sourceTree = "<group>";
		};
		A0147DAF2834C716002E8C70 /* SwiftUIAssignment */ = {
			isa = PBXGroup;
			children = (
				A0147DB02834C716002E8C70 /* SwiftUIAssignmentApp.swift */,
				A0147DB22834C716002E8C70 /* ContentView.swift */,
				A07538872834CE75008FFF3A /* Constants.swift */,
				A055AC5B283CCDE200224CA7 /* Reusable */,
				A055AC56283CCD2200224CA7 /* Enums */,
				A07538922834D5EA008FFF3A /* Extensions */,
				A0147DC02834CC28002E8C70 /* Views */,
				A0147DB42834C718002E8C70 /* Assets.xcassets */,
				A0147DB62834C718002E8C70 /* Preview Content */,
			);
			path = SwiftUIAssignment;
			sourceTree = "<group>";
		};
		A0147DB62834C718002E8C70 /* Preview Content */ = {
			isa = PBXGroup;
			children = (
				A0147DB72834C718002E8C70 /* Preview Assets.xcassets */,
			);
			path = "Preview Content";
			sourceTree = "<group>";
		};
		A0147DC02834CC28002E8C70 /* Views */ = {
			isa = PBXGroup;
			children = (
				A055AC55283CCCD200224CA7 /* TopSongs */,
				A075388B2834D046008FFF3A /* SBICard */,
			);
			path = Views;
			sourceTree = "<group>";
		};
		A055AC51283CC4C700224CA7 /* Classes */ = {
			isa = PBXGroup;
			children = (
				A0E5CF022837BEBA00A0F723 /* Reusable */,
				A0147DC12834CC28002E8C70 /* SBICardLoginView.swift */,
				A075388C2834D046008FFF3A /* UserDetailsView.swift */,
				A075388E2834D45C008FFF3A /* MPINTextField.swift */,
				A0E5CEFA2834F66100A0F723 /* QuickAccessView.swift */,
				A0E5CF002837751200A0F723 /* YellowViews.swift */,
			);
			path = Classes;
			sourceTree = "<group>";
		};
		A055AC52283CC4D900224CA7 /* TargetDesign */ = {
			isa = PBXGroup;
			children = (
				A055AC53283CC54300224CA7 /* SBICard.png */,
			);
			path = TargetDesign;
			sourceTree = "<group>";
		};
		A055AC55283CCCD200224CA7 /* TopSongs */ = {
			isa = PBXGroup;
			children = (
				A055AC5A283CCDD400224CA7 /* Classes */,
				A055AC59283CCDC700224CA7 /* TargetDesign */,
			);
			path = TopSongs;
			sourceTree = "<group>";
		};
		A055AC56283CCD2200224CA7 /* Enums */ = {
			isa = PBXGroup;
			children = (
				A055AC5E283CCF8A00224CA7 /* Enums.swift */,
			);
			path = Enums;
			sourceTree = "<group>";
		};
		A055AC59283CCDC700224CA7 /* TargetDesign */ = {
			isa = PBXGroup;
			children = (
			);
			path = TargetDesign;
			sourceTree = "<group>";
		};
		A055AC5A283CCDD400224CA7 /* Classes */ = {
			isa = PBXGroup;
			children = (
				A0D911A2283D074E007CB335 /* Views */,
				A055AC63283CEC2000224CA7 /* ViewModel */,
				A055AC60283CEA0C00224CA7 /* Models */,
			);
			path = Classes;
			sourceTree = "<group>";
		};
		A055AC5B283CCDE200224CA7 /* Reusable */ = {
			isa = PBXGroup;
			children = (
				A055AC5C283CCDFA00224CA7 /* NetworkClient.swift */,
			);
			path = Reusable;
			sourceTree = "<group>";
		};
		A055AC60283CEA0C00224CA7 /* Models */ = {
			isa = PBXGroup;
			children = (
				A055AC61283CEBAF00224CA7 /* Album.swift */,
			);
			path = Models;
			sourceTree = "<group>";
		};
		A055AC63283CEC2000224CA7 /* ViewModel */ = {
			isa = PBXGroup;
			children = (
				A055AC64283CEC2E00224CA7 /* AlbumsViewModel.swift */,
			);
			path = ViewModel;
			sourceTree = "<group>";
		};
		A075388B2834D046008FFF3A /* SBICard */ = {
			isa = PBXGroup;
			children = (
				A055AC52283CC4D900224CA7 /* TargetDesign */,
				A055AC51283CC4C700224CA7 /* Classes */,
			);
			path = SBICard;
			sourceTree = "<group>";
		};
		A07538922834D5EA008FFF3A /* Extensions */ = {
			isa = PBXGroup;
			children = (
				A07538932834D5EA008FFF3A /* Color.swift */,
			);
			path = Extensions;
			sourceTree = "<group>";
		};
		A0D911A2283D074E007CB335 /* Views */ = {
			isa = PBXGroup;
			children = (
				A0D911A3283D074E007CB335 /* TopSongsView.swift */,
			);
			path = Views;
			sourceTree = "<group>";
		};
		A0E5CF022837BEBA00A0F723 /* Reusable */ = {
			isa = PBXGroup;
			children = (
				A0E5CEFC28350A3700A0F723 /* YellowButton.swift */,
				A0E5CEFE2837574200A0F723 /* BlueButton.swift */,
				A0E5CF032837BEDC00A0F723 /* ImageButton.swift */,
			);
			path = Reusable;
			sourceTree = "<group>";
		};
/* End PBXGroup section */

/* Begin PBXNativeTarget section */
		A0147DAC2834C716002E8C70 /* SwiftUIAssignment */ = {
			isa = PBXNativeTarget;
			buildConfigurationList = A0147DBB2834C718002E8C70 /* Build configuration list for PBXNativeTarget "SwiftUIAssignment" */;
			buildPhases = (
				A0147DA92834C716002E8C70 /* Sources */,
				A0147DAA2834C716002E8C70 /* Frameworks */,
				A0147DAB2834C716002E8C70 /* Resources */,
			);
			buildRules = (
			);
			dependencies = (
			);
			name = SwiftUIAssignment;
			productName = SwiftUIAssignment;
			productReference = A0147DAD2834C716002E8C70 /* SwiftUIAssignment.app */;
			productType = "com.apple.product-type.application";
		};
/* End PBXNativeTarget section */

/* Begin PBXProject section */
		A0147DA52834C716002E8C70 /* Project object */ = {
			isa = PBXProject;
			attributes = {
				BuildIndependentTargetsInParallel = 1;
				LastSwiftUpdateCheck = 1330;
				LastUpgradeCheck = 1330;
				TargetAttributes = {
					A0147DAC2834C716002E8C70 = {
						CreatedOnToolsVersion = 13.3;
					};
				};
			};
			buildConfigurationList = A0147DA82834C716002E8C70 /* Build configuration list for PBXProject "SwiftUIAssignment" */;
			compatibilityVersion = "Xcode 13.0";
			developmentRegion = en;
			hasScannedForEncodings = 0;
			knownRegions = (
				en,
				Base,
			);
			mainGroup = A0147DA42834C716002E8C70;
			productRefGroup = A0147DAE2834C716002E8C70 /* Products */;
			projectDirPath = "";
			projectRoot = "";
			targets = (
				A0147DAC2834C716002E8C70 /* SwiftUIAssignment */,
			);
		};
/* End PBXProject section */

/* Begin PBXResourcesBuildPhase section */
		A0147DAB2834C716002E8C70 /* Resources */ = {
			isa = PBXResourcesBuildPhase;
			buildActionMask = 2147483647;
			files = (
				A055AC54283CC54300224CA7 /* SBICard.png in Resources */,
				A0147DB82834C718002E8C70 /* Preview Assets.xcassets in Resources */,
				A0147DB52834C718002E8C70 /* Assets.xcassets in Resources */,
			);
			runOnlyForDeploymentPostprocessing = 0;
		};
/* End PBXResourcesBuildPhase section */

/* Begin PBXSourcesBuildPhase section */
		A0147DA92834C716002E8C70 /* Sources */ = {
			isa = PBXSourcesBuildPhase;
			buildActionMask = 2147483647;
			files = (
				A0147DC22834CC28002E8C70 /* SBICardLoginView.swift in Sources */,
				A0D911A4283D074E007CB335 /* TopSongsView.swift in Sources */,
				A0E5CEFF2837574200A0F723 /* BlueButton.swift in Sources */,
				A0147DB32834C716002E8C70 /* ContentView.swift in Sources */,
				A0E5CEFB2834F66100A0F723 /* QuickAccessView.swift in Sources */,
				A07538942834D5EA008FFF3A /* Color.swift in Sources */,
				A0E5CF012837751300A0F723 /* YellowViews.swift in Sources */,
				A0147DB12834C716002E8C70 /* SwiftUIAssignmentApp.swift in Sources */,
				A055AC62283CEBAF00224CA7 /* Album.swift in Sources */,
				A055AC5F283CCF8A00224CA7 /* Enums.swift in Sources */,
				A055AC65283CEC2E00224CA7 /* AlbumsViewModel.swift in Sources */,
				A0E5CF042837BEDC00A0F723 /* ImageButton.swift in Sources */,
				A075388D2834D046008FFF3A /* UserDetailsView.swift in Sources */,
				A0E5CEFD28350A3700A0F723 /* YellowButton.swift in Sources */,
				A055AC5D283CCDFA00224CA7 /* NetworkClient.swift in Sources */,
				A07538882834CE75008FFF3A /* Constants.swift in Sources */,
				A075388F2834D45C008FFF3A /* MPINTextField.swift in Sources */,
			);
			runOnlyForDeploymentPostprocessing = 0;
		};
/* End PBXSourcesBuildPhase section */

/* Begin XCBuildConfiguration section */
		A0147DB92834C718002E8C70 /* Debug */ = {
			isa = XCBuildConfiguration;
			buildSettings = {
				ALWAYS_SEARCH_USER_PATHS = NO;
				CLANG_ANALYZER_NONNULL = YES;
				CLANG_ANALYZER_NUMBER_OBJECT_CONVERSION = YES_AGGRESSIVE;
				CLANG_CXX_LANGUAGE_STANDARD = "gnu++17";
				CLANG_ENABLE_MODULES = YES;
				CLANG_ENABLE_OBJC_ARC = YES;
				CLANG_ENABLE_OBJC_WEAK = YES;
				CLANG_WARN_BLOCK_CAPTURE_AUTORELEASING = YES;
				CLANG_WARN_BOOL_CONVERSION = YES;
				CLANG_WARN_COMMA = YES;
				CLANG_WARN_CONSTANT_CONVERSION = YES;
				CLANG_WARN_DEPRECATED_OBJC_IMPLEMENTATIONS = YES;
				CLANG_WARN_DIRECT_OBJC_ISA_USAGE = YES_ERROR;
				CLANG_WARN_DOCUMENTATION_COMMENTS = YES;
				CLANG_WARN_EMPTY_BODY = YES;
				CLANG_WARN_ENUM_CONVERSION = YES;
				CLANG_WARN_INFINITE_RECURSION = YES;
				CLANG_WARN_INT_CONVERSION = YES;
				CLANG_WARN_NON_LITERAL_NULL_CONVERSION = YES;
				CLANG_WARN_OBJC_IMPLICIT_RETAIN_SELF = YES;
				CLANG_WARN_OBJC_LITERAL_CONVERSION = YES;
				CLANG_WARN_OBJC_ROOT_CLASS = YES_ERROR;
				CLANG_WARN_QUOTED_INCLUDE_IN_FRAMEWORK_HEADER = YES;
				CLANG_WARN_RANGE_LOOP_ANALYSIS = YES;
				CLANG_WARN_STRICT_PROTOTYPES = YES;
				CLANG_WARN_SUSPICIOUS_MOVE = YES;
				CLANG_WARN_UNGUARDED_AVAILABILITY = YES_AGGRESSIVE;
				CLANG_WARN_UNREACHABLE_CODE = YES;
				CLANG_WARN__DUPLICATE_METHOD_MATCH = YES;
				COPY_PHASE_STRIP = NO;
				DEBUG_INFORMATION_FORMAT = dwarf;
				ENABLE_STRICT_OBJC_MSGSEND = YES;
				ENABLE_TESTABILITY = YES;
				GCC_C_LANGUAGE_STANDARD = gnu11;
				GCC_DYNAMIC_NO_PIC = NO;
				GCC_NO_COMMON_BLOCKS = YES;
				GCC_OPTIMIZATION_LEVEL = 0;
				GCC_PREPROCESSOR_DEFINITIONS = (
					"DEBUG=1",
					"$(inherited)",
				);
				GCC_WARN_64_TO_32_BIT_CONVERSION = YES;
				GCC_WARN_ABOUT_RETURN_TYPE = YES_ERROR;
				GCC_WARN_UNDECLARED_SELECTOR = YES;
				GCC_WARN_UNINITIALIZED_AUTOS = YES_AGGRESSIVE;
				GCC_WARN_UNUSED_FUNCTION = YES;
				GCC_WARN_UNUSED_VARIABLE = YES;
				IPHONEOS_DEPLOYMENT_TARGET = 15.4;
				MTL_ENABLE_DEBUG_INFO = INCLUDE_SOURCE;
				MTL_FAST_MATH = YES;
				ONLY_ACTIVE_ARCH = YES;
				SDKROOT = iphoneos;
				SWIFT_ACTIVE_COMPILATION_CONDITIONS = DEBUG;
				SWIFT_OPTIMIZATION_LEVEL = "-Onone";
			};
			name = Debug;
		};
		A0147DBA2834C718002E8C70 /* Release */ = {
			isa = XCBuildConfiguration;
			buildSettings = {
				ALWAYS_SEARCH_USER_PATHS = NO;
				CLANG_ANALYZER_NONNULL = YES;
				CLANG_ANALYZER_NUMBER_OBJECT_CONVERSION = YES_AGGRESSIVE;
				CLANG_CXX_LANGUAGE_STANDARD = "gnu++17";
				CLANG_ENABLE_MODULES = YES;
				CLANG_ENABLE_OBJC_ARC = YES;
				CLANG_ENABLE_OBJC_WEAK = YES;
				CLANG_WARN_BLOCK_CAPTURE_AUTORELEASING = YES;
				CLANG_WARN_BOOL_CONVERSION = YES;
				CLANG_WARN_COMMA = YES;
				CLANG_WARN_CONSTANT_CONVERSION = YES;
				CLANG_WARN_DEPRECATED_OBJC_IMPLEMENTATIONS = YES;
				CLANG_WARN_DIRECT_OBJC_ISA_USAGE = YES_ERROR;
				CLANG_WARN_DOCUMENTATION_COMMENTS = YES;
				CLANG_WARN_EMPTY_BODY = YES;
				CLANG_WARN_ENUM_CONVERSION = YES;
				CLANG_WARN_INFINITE_RECURSION = YES;
				CLANG_WARN_INT_CONVERSION = YES;
				CLANG_WARN_NON_LITERAL_NULL_CONVERSION = YES;
				CLANG_WARN_OBJC_IMPLICIT_RETAIN_SELF = YES;
				CLANG_WARN_OBJC_LITERAL_CONVERSION = YES;
				CLANG_WARN_OBJC_ROOT_CLASS = YES_ERROR;
				CLANG_WARN_QUOTED_INCLUDE_IN_FRAMEWORK_HEADER = YES;
				CLANG_WARN_RANGE_LOOP_ANALYSIS = YES;
				CLANG_WARN_STRICT_PROTOTYPES = YES;
				CLANG_WARN_SUSPICIOUS_MOVE = YES;
				CLANG_WARN_UNGUARDED_AVAILABILITY = YES_AGGRESSIVE;
				CLANG_WARN_UNREACHABLE_CODE = YES;
				CLANG_WARN__DUPLICATE_METHOD_MATCH = YES;
				COPY_PHASE_STRIP = NO;
				DEBUG_INFORMATION_FORMAT = "dwarf-with-dsym";
				ENABLE_NS_ASSERTIONS = NO;
				ENABLE_STRICT_OBJC_MSGSEND = YES;
				GCC_C_LANGUAGE_STANDARD = gnu11;
				GCC_NO_COMMON_BLOCKS = YES;
				GCC_WARN_64_TO_32_BIT_CONVERSION = YES;
				GCC_WARN_ABOUT_RETURN_TYPE = YES_ERROR;
				GCC_WARN_UNDECLARED_SELECTOR = YES;
				GCC_WARN_UNINITIALIZED_AUTOS = YES_AGGRESSIVE;
				GCC_WARN_UNUSED_FUNCTION = YES;
				GCC_WARN_UNUSED_VARIABLE = YES;
				IPHONEOS_DEPLOYMENT_TARGET = 15.4;
				MTL_ENABLE_DEBUG_INFO = NO;
				MTL_FAST_MATH = YES;
				SDKROOT = iphoneos;
				SWIFT_COMPILATION_MODE = wholemodule;
				SWIFT_OPTIMIZATION_LEVEL = "-O";
				VALIDATE_PRODUCT = YES;
			};
			name = Release;
		};
		A0147DBC2834C718002E8C70 /* Debug */ = {
			isa = XCBuildConfiguration;
			buildSettings = {
				ASSETCATALOG_COMPILER_APPICON_NAME = AppIcon;
				ASSETCATALOG_COMPILER_GLOBAL_ACCENT_COLOR_NAME = AccentColor;
				CODE_SIGN_STYLE = Automatic;
				CURRENT_PROJECT_VERSION = 1;
				DEVELOPMENT_ASSET_PATHS = "\"SwiftUIAssignment/Preview Content\"";
				ENABLE_PREVIEWS = YES;
				GENERATE_INFOPLIST_FILE = YES;
				INFOPLIST_KEY_UIApplicationSceneManifest_Generation = YES;
				INFOPLIST_KEY_UIApplicationSupportsIndirectInputEvents = YES;
				INFOPLIST_KEY_UILaunchScreen_Generation = YES;
				INFOPLIST_KEY_UISupportedInterfaceOrientations_iPad = "UIInterfaceOrientationPortrait UIInterfaceOrientationPortraitUpsideDown UIInterfaceOrientationLandscapeLeft UIInterfaceOrientationLandscapeRight";
				INFOPLIST_KEY_UISupportedInterfaceOrientations_iPhone = "UIInterfaceOrientationPortrait UIInterfaceOrientationLandscapeLeft UIInterfaceOrientationLandscapeRight";
				LD_RUNPATH_SEARCH_PATHS = (
					"$(inherited)",
					"@executable_path/Frameworks",
				);
				MARKETING_VERSION = 1.0;
				PRODUCT_BUNDLE_IDENTIFIER = com.sravan.SwiftUIAssignment;
				PRODUCT_NAME = "$(TARGET_NAME)";
				SWIFT_EMIT_LOC_STRINGS = YES;
				SWIFT_VERSION = 5.0;
				TARGETED_DEVICE_FAMILY = "1,2";
			};
			name = Debug;
		};
		A0147DBD2834C718002E8C70 /* Release */ = {
			isa = XCBuildConfiguration;
			buildSettings = {
				ASSETCATALOG_COMPILER_APPICON_NAME = AppIcon;
				ASSETCATALOG_COMPILER_GLOBAL_ACCENT_COLOR_NAME = AccentColor;
				CODE_SIGN_STYLE = Automatic;
				CURRENT_PROJECT_VERSION = 1;
				DEVELOPMENT_ASSET_PATHS = "\"SwiftUIAssignment/Preview Content\"";
				ENABLE_PREVIEWS = YES;
				GENERATE_INFOPLIST_FILE = YES;
				INFOPLIST_KEY_UIApplicationSceneManifest_Generation = YES;
				INFOPLIST_KEY_UIApplicationSupportsIndirectInputEvents = YES;
				INFOPLIST_KEY_UILaunchScreen_Generation = YES;
				INFOPLIST_KEY_UISupportedInterfaceOrientations_iPad = "UIInterfaceOrientationPortrait UIInterfaceOrientationPortraitUpsideDown UIInterfaceOrientationLandscapeLeft UIInterfaceOrientationLandscapeRight";
				INFOPLIST_KEY_UISupportedInterfaceOrientations_iPhone = "UIInterfaceOrientationPortrait UIInterfaceOrientationLandscapeLeft UIInterfaceOrientationLandscapeRight";
				LD_RUNPATH_SEARCH_PATHS = (
					"$(inherited)",
					"@executable_path/Frameworks",
				);
				MARKETING_VERSION = 1.0;
				PRODUCT_BUNDLE_IDENTIFIER = com.sravan.SwiftUIAssignment;
				PRODUCT_NAME = "$(TARGET_NAME)";
				SWIFT_EMIT_LOC_STRINGS = YES;
				SWIFT_VERSION = 5.0;
				TARGETED_DEVICE_FAMILY = "1,2";
			};
			name = Release;
		};
/* End XCBuildConfiguration section */

/* Begin XCConfigurationList section */
		A0147DA82834C716002E8C70 /* Build configuration list for PBXProject "SwiftUIAssignment" */ = {
			isa = XCConfigurationList;
			buildConfigurations = (
				A0147DB92834C718002E8C70 /* Debug */,
				A0147DBA2834C718002E8C70 /* Release */,
			);
			defaultConfigurationIsVisible = 0;
			defaultConfigurationName = Release;
		};
		A0147DBB2834C718002E8C70 /* Build configuration list for PBXNativeTarget "SwiftUIAssignment" */ = {
			isa = XCConfigurationList;
			buildConfigurations = (
				A0147DBC2834C718002E8C70 /* Debug */,
				A0147DBD2834C718002E8C70 /* Release */,
			);
			defaultConfigurationIsVisible = 0;
			defaultConfigurationName = Release;
		};
/* End XCConfigurationList section */
	};
	rootObject = A0147DA52834C716002E8C70 /* Project object */;
}
